
Microsoft Visual Studio Solution File, Format Version 12.00
# Visual Studio Version 17
VisualStudioVersion = 17.1.32210.238
MinimumVisualStudioVersion = 10.0.40219.1
Project("{FAE04EC0-301F-11D3-BF4B-00C04F79EFBC}") = "2048", "2048.csproj", "{6121A5D7-1537-4CBC-8C10-14707F1B48EF}"
EndProject
Global
	GlobalSection(SolutionConfigurationPlatforms) = preSolution
		Debug|Any CPU = Debug|Any CPU
		Release|Any CPU = Release|Any CPU
	EndGlobalSection
	GlobalSection(ProjectConfigurationPlatforms) = postSolution
		{6121A5D7-1537-4CBC-8C10-14707F1B48EF}.Debug|Any CPU.ActiveCfg = Debug|Any CPU
		{6121A5D7-1537-4CBC-8C10-14707F1B48EF}.Debug|Any CPU.Build.0 = Debug|Any CPU
		{6121A5D7-1537-4CBC-8C10-14707F1B48EF}.Release|Any CPU.ActiveCfg = Release|Any CPU
		{6121A5D7-1537-4CBC-8C10-14707F1B48EF}.Release|Any CPU.Build.0 = Release|Any CPU
	EndGlobalSection
	GlobalSection(SolutionProperties) = preSolution
		HideSolutionNode = FALSE
	EndGlobalSection
	GlobalSection(ExtensibilityGlobals) = postSolution
		SolutionGuid = {25C38018-0836-423C-B70D-DC4308AD5D1E}
	EndGlobalSection
EndGlobal
